
Microsoft Visual Studio Solution File, Format Version 12.00
# Visual Studio 15
Project("{FAE04EC0-301F-11D3-BF4B-00C04F79EFBC}") = "Assembly-CSharp", "Assembly-CSharp.csproj", "{8642F9AF-B061-D9B4-9ED3-BAE908AFF5E3}"
EndProject
Project("{FAE04EC0-301F-11D3-BF4B-00C04F79EFBC}") = "Assembly-CSharp-firstpass", "Assembly-CSharp-firstpass.csproj", "{F9DBE036-C626-68CB-CA16-B2A8DB0EA1BE}"
EndProject
Project("{FAE04EC0-301F-11D3-BF4B-00C04F79EFBC}") = "Assembly-CSharp-Editor-firstpass", "Assembly-CSharp-Editor-firstpass.csproj", "{06F7C0E7-9A90-78BD-2C5B-48DD53E57EA1}"
EndProject
Project("{FAE04EC0-301F-11D3-BF4B-00C04F79EFBC}") = "Assembly-CSharp-Editor", "Assembly-CSharp-Editor.csproj", "{87F100C6-366A-B473-0F27-EE976DF5D9C7}"
EndProject
Global
	GlobalSection(SolutionConfigurationPlatforms) = preSolution
		Debug|Any CPU = Debug|Any CPU
		Release|Any CPU = Release|Any CPU
	EndGlobalSection
	GlobalSection(ProjectConfigurationPlatforms) = postSolution
		{8642F9AF-B061-D9B4-9ED3-BAE908AFF5E3}.Debug|Any CPU.ActiveCfg = Debug|Any CPU
		{8642F9AF-B061-D9B4-9ED3-BAE908AFF5E3}.Debug|Any CPU.Build.0 = Debug|Any CPU
		{8642F9AF-B061-D9B4-9ED3-BAE908AFF5E3}.Release|Any CPU.ActiveCfg = Release|Any CPU
		{8642F9AF-B061-D9B4-9ED3-BAE908AFF5E3}.Release|Any CPU.Build.0 = Release|Any CPU
		{F9DBE036-C626-68CB-CA16-B2A8DB0EA1BE}.Debug|Any CPU.ActiveCfg = Debug|Any CPU
		{F9DBE036-C626-68CB-CA16-B2A8DB0EA1BE}.Debug|Any CPU.Build.0 = Debug|Any CPU
		{F9DBE036-C626-68CB-CA16-B2A8DB0EA1BE}.Release|Any CPU.ActiveCfg = Release|Any CPU
		{F9DBE036-C626-68CB-CA16-B2A8DB0EA1BE}.Release|Any CPU.Build.0 = Release|Any CPU
		{06F7C0E7-9A90-78BD-2C5B-48DD53E57EA1}.Debug|Any CPU.ActiveCfg = Debug|Any CPU
		{06F7C0E7-9A90-78BD-2C5B-48DD53E57EA1}.Debug|Any CPU.Build.0 = Debug|Any CPU
		{06F7C0E7-9A90-78BD-2C5B-48DD53E57EA1}.Release|Any CPU.ActiveCfg = Release|Any CPU
		{06F7C0E7-9A90-78BD-2C5B-48DD53E57EA1}.Release|Any CPU.Build.0 = Release|Any CPU
		{87F100C6-366A-B473-0F27-EE976DF5D9C7}.Debug|Any CPU.ActiveCfg = Debug|Any CPU
		{87F100C6-366A-B473-0F27-EE976DF5D9C7}.Debug|Any CPU.Build.0 = Debug|Any CPU
		{87F100C6-366A-B473-0F27-EE976DF5D9C7}.Release|Any CPU.ActiveCfg = Release|Any CPU
		{87F100C6-366A-B473-0F27-EE976DF5D9C7}.Release|Any CPU.Build.0 = Release|Any CPU
	EndGlobalSection
	GlobalSection(SolutionProperties) = preSolution
		HideSolutionNode = FALSE
	EndGlobalSection
EndGlobal
